
Microsoft Visual Studio Solution File, Format Version 12.00
# Visual Studio Version 17
VisualStudioVersion = 17.2.32519.379
MinimumVisualStudioVersion = 10.0.40219.1
Project("{FAE04EC0-301F-11D3-BF4B-00C04F79EFBC}") = "LibraryManagementSystem", "LibraryManagementSystem.csproj", "{BA470AA7-1064-40F9-897D-D1BEF060BBEC}"
EndProject
Global
	GlobalSection(SolutionConfigurationPlatforms) = preSolution
		Debug|Any CPU = Debug|Any CPU
		Release|Any CPU = Release|Any CPU
	EndGlobalSection
	GlobalSection(ProjectConfigurationPlatforms) = postSolution
		{BA470AA7-1064-40F9-897D-D1BEF060BBEC}.Debug|Any CPU.ActiveCfg = Debug|Any CPU
		{BA470AA7-1064-40F9-897D-D1BEF060BBEC}.Debug|Any CPU.Build.0 = Debug|Any CPU
		{BA470AA7-1064-40F9-897D-D1BEF060BBEC}.Release|Any CPU.ActiveCfg = Release|Any CPU
		{BA470AA7-1064-40F9-897D-D1BEF060BBEC}.Release|Any CPU.Build.0 = Release|Any CPU
	EndGlobalSection
	GlobalSection(SolutionProperties) = preSolution
		HideSolutionNode = FALSE
	EndGlobalSection
	GlobalSection(ExtensibilityGlobals) = postSolution
		SolutionGuid = {A412157E-201A-4A95-958B-F0713A3F2D5A}
	EndGlobalSection
EndGlobal
